
Microsoft Visual Studio Solution File, Format Version 12.00
# Visual Studio 15
VisualStudioVersion = 15.0.28010.2046
MinimumVisualStudioVersion = 10.0.40219.1
Project("{FAE04EC0-301F-11D3-BF4B-00C04F79EFBC}") = "ReassemblyAnalyser", "ReassemblyAnalyser\ReassemblyAnalyser.csproj", "{3094505A-6904-43F5-A427-2C4448E6EB64}"
EndProject
Project("{FAE04EC0-301F-11D3-BF4B-00C04F79EFBC}") = "LsonLib", "..\LsonLib\Src\LsonLib.csproj", "{363758F5-F47A-4DBD-A602-E0D66FD5AD9B}"
EndProject
Global
	GlobalSection(SolutionConfigurationPlatforms) = preSolution
		Debug|Any CPU = Debug|Any CPU
		Release|Any CPU = Release|Any CPU
	EndGlobalSection
	GlobalSection(ProjectConfigurationPlatforms) = postSolution
		{3094505A-6904-43F5-A427-2C4448E6EB64}.Debug|Any CPU.ActiveCfg = Debug|Any CPU
		{3094505A-6904-43F5-A427-2C4448E6EB64}.Debug|Any CPU.Build.0 = Debug|Any CPU
		{3094505A-6904-43F5-A427-2C4448E6EB64}.Release|Any CPU.ActiveCfg = Release|Any CPU
		{3094505A-6904-43F5-A427-2C4448E6EB64}.Release|Any CPU.Build.0 = Release|Any CPU
		{363758F5-F47A-4DBD-A602-E0D66FD5AD9B}.Debug|Any CPU.ActiveCfg = Debug|Any CPU
		{363758F5-F47A-4DBD-A602-E0D66FD5AD9B}.Debug|Any CPU.Build.0 = Debug|Any CPU
		{363758F5-F47A-4DBD-A602-E0D66FD5AD9B}.Release|Any CPU.ActiveCfg = Release|Any CPU
		{363758F5-F47A-4DBD-A602-E0D66FD5AD9B}.Release|Any CPU.Build.0 = Release|Any CPU
	EndGlobalSection
	GlobalSection(SolutionProperties) = preSolution
		HideSolutionNode = FALSE
	EndGlobalSection
	GlobalSection(ExtensibilityGlobals) = postSolution
		SolutionGuid = {7B02FB91-DA97-4763-A9F8-D0B9CA22E04B}
	EndGlobalSection
EndGlobal
